{
  "name": "maps",
  "lockfileVersion": 2,
  "requires": true,
  "packages": {
    "": {
      "dependencies": {
        "@ngneat/falso": "^2.27.0",
        "@types/google.maps": "^3.48.1",
        "random-location": "^1.1.3"
      },
      "devDependencies": {
        "typescript": "^4.5.5"
      }
    },
    "node_modules/@ngneat/falso": {
      "version": "2.27.0",
      "resolved": "https://registry.npmjs.org/@ngneat/falso/-/falso-2.27.0.tgz",
      "integrity": "sha512-/ktTMVKDVj3sOpND+yNJu2EC22o3aGoQsC99h8EPHKgCsuh56ci1alTYCeI9n+aUI8+zIuVH0uPBsQdE/lF1EQ==",
      "dependencies": {
        "seedrandom": "3.0.5",
        "uuid": "8.3.2"
      }
    },
    "node_modules/@types/google.maps": {
      "version": "3.48.1",
      "resolved": "https://registry.npmjs.org/@types/google.maps/-/google.maps-3.48.1.tgz",
      "integrity": "sha512-omUrHt83oSngRD0/pk3JW5dvTeSUVMmAFp6b2Btj5LFqPKc09f0OeHk2LIGPz12T3sRAtwkSvgmzwVMqPrIW9A=="
    },
    "node_modules/random-location": {
      "version": "1.1.3",
      "resolved": "https://registry.npmjs.org/random-location/-/random-location-1.1.3.tgz",
      "integrity": "sha512-+9SZa8R0JTfjrdgImCyq4TJRDzGHfUM9qghsA3D7zrMnUaQVn/xIDtFI+yPegJGO7KuIkduNlL8JXqu3M7Au7w=="
    },
    "node_modules/seedrandom": {
      "version": "3.0.5",
      "resolved": "https://registry.npmjs.org/seedrandom/-/seedrandom-3.0.5.tgz",
      "integrity": "sha512-8OwmbklUNzwezjGInmZ+2clQmExQPvomqjL7LFqOYqtmuxRgQYqOD3mHaU+MvZn5FLUeVxVfQjwLZW/n/JFuqg=="
    },
    "node_modules/typescript": {
      "version": "4.5.5",
      "resolved": "https://registry.npmjs.org/typescript/-/typescript-4.5.5.tgz",
      "integrity": "sha512-TCTIul70LyWe6IJWT8QSYeA54WQe8EjQFU4wY52Fasj5UKx88LNYKCgBEHcOMOrFF1rKGbD8v/xcNWVUq9SymA==",
      "dev": true,
      "bin": {
        "tsc": "bin/tsc",
        "tsserver": "bin/tsserver"
      },
      "engines": {
        "node": ">=4.2.0"
      }
    },
    "node_modules/uuid": {
      "version": "8.3.2",
      "resolved": "https://registry.npmjs.org/uuid/-/uuid-8.3.2.tgz",
      "integrity": "sha512-+NYs2QeMWy+GWFOEm9xnn6HCDp0l7QBD7ml8zLUmJ+93Q5NF0NocErnwkTkXVFNiX3/fpC6afS8Dhb/gz7R7eg==",
      "bin": {
        "uuid": "dist/bin/uuid"
      }
    }
  },
  "dependencies": {
    "@ngneat/falso": {
      "version": "2.27.0",
      "resolved": "https://registry.npmjs.org/@ngneat/falso/-/falso-2.27.0.tgz",
      "integrity": "sha512-/ktTMVKDVj3sOpND+yNJu2EC22o3aGoQsC99h8EPHKgCsuh56ci1alTYCeI9n+aUI8+zIuVH0uPBsQdE/lF1EQ==",
      "requires": {
        "seedrandom": "3.0.5",
        "uuid": "8.3.2"
      }
    },
    "@types/google.maps": {
      "version": "3.48.1",
      "resolved": "https://registry.npmjs.org/@types/google.maps/-/google.maps-3.48.1.tgz",
      "integrity": "sha512-omUrHt83oSngRD0/pk3JW5dvTeSUVMmAFp6b2Btj5LFqPKc09f0OeHk2LIGPz12T3sRAtwkSvgmzwVMqPrIW9A=="
    },
    "random-location": {
      "version": "1.1.3",
      "resolved": "https://registry.npmjs.org/random-location/-/random-location-1.1.3.tgz",
      "integrity": "sha512-+9SZa8R0JTfjrdgImCyq4TJRDzGHfUM9qghsA3D7zrMnUaQVn/xIDtFI+yPegJGO7KuIkduNlL8JXqu3M7Au7w=="
    },
    "seedrandom": {
      "version": "3.0.5",
      "resolved": "https://registry.npmjs.org/seedrandom/-/seedrandom-3.0.5.tgz",
      "integrity": "sha512-8OwmbklUNzwezjGInmZ+2clQmExQPvomqjL7LFqOYqtmuxRgQYqOD3mHaU+MvZn5FLUeVxVfQjwLZW/n/JFuqg=="
    },
    "typescript": {
      "version": "4.5.5",
      "resolved": "https://registry.npmjs.org/typescript/-/typescript-4.5.5.tgz",
      "integrity": "sha512-TCTIul70LyWe6IJWT8QSYeA54WQe8EjQFU4wY52Fasj5UKx88LNYKCgBEHcOMOrFF1rKGbD8v/xcNWVUq9SymA==",
      "dev": true
    },
    "uuid": {
      "version": "8.3.2",
      "resolved": "https://registry.npmjs.org/uuid/-/uuid-8.3.2.tgz",
      "integrity": "sha512-+NYs2QeMWy+GWFOEm9xnn6HCDp0l7QBD7ml8zLUmJ+93Q5NF0NocErnwkTkXVFNiX3/fpC6afS8Dhb/gz7R7eg=="
    }
  }
}
